
Microsoft Visual Studio Solution File, Format Version 12.00
# Visual Studio Version 16
VisualStudioVersion = 16.0.30413.136
MinimumVisualStudioVersion = 10.0.40219.1
Project("{888888A0-9F3D-457C-B088-3A5042F75D52}") = "Esimene", "Esimene.pyproj", "{4B33B592-A2AE-491B-BC13-E65EB8BF0A4C}"
EndProject
Global
	GlobalSection(SolutionConfigurationPlatforms) = preSolution
		Debug|Any CPU = Debug|Any CPU
		Release|Any CPU = Release|Any CPU
	EndGlobalSection
	GlobalSection(ProjectConfigurationPlatforms) = postSolution
		{4B33B592-A2AE-491B-BC13-E65EB8BF0A4C}.Debug|Any CPU.ActiveCfg = Debug|Any CPU
		{4B33B592-A2AE-491B-BC13-E65EB8BF0A4C}.Release|Any CPU.ActiveCfg = Release|Any CPU
	EndGlobalSection
	GlobalSection(SolutionProperties) = preSolution
		HideSolutionNode = FALSE
	EndGlobalSection
	GlobalSection(ExtensibilityGlobals) = postSolution
		SolutionGuid = {5977F57B-9952-4861-AC45-2372BC394ADF}
	EndGlobalSection
EndGlobal
